<?xml version="1.0" encoding="utf-8"?>
<Project ToolsVersion="4.0" xmlns="http://schemas.microsoft.com/developer/msbuild/2003">
  <ItemGroup>
    <Filter Include="Source Files">
      <UniqueIdentifier>{4FC737F1-C7A5-4376-A066-2A32D752A2FF}</UniqueIdentifier>
      <Extensions>cpp;c;cc;cxx;def;odl;idl;hpj;bat;asm;asmx</Extensions>
    </Filter>
    <Filter Include="Header Files">
      <UniqueIdentifier>{93995380-89BD-4b04-88EB-625FBE52EBFB}</UniqueIdentifier>
      <Extensions>h;hh;hpp;hxx;hm;inl;inc;xsd</Extensions>
    </Filter>
    <Filter Include="Resource Files">
      <UniqueIdentifier>{67DA6AB6-F800-4c08-8B7A-83BB121AAD01}</UniqueIdentifier>
      <Extensions>rc;ico;cur;bmp;dlg;rc2;rct;bin;rgs;gif;jpg;jpeg;jpe;resx;tiff;tif;png;wav;mfcribbon-ms</Extensions>
    </Filter>
    <Filter Include="Source Files\hw-1">
      <UniqueIdentifier>{d96a6da4-1600-4ed0-807c-edbfdfb422dc}</UniqueIdentifier>
    </Filter>
    <Filter Include="Source Files\examples">
      <UniqueIdentifier>{64f953b9-158c-45c5-a5f4-6b544c497a41}</UniqueIdentifier>
    </Filter>
  </ItemGroup>
  <ItemGroup>
    <Image Include="pics\hw1-1.jpg">
      <Filter>Resource Files</Filter>
    </Image>
    <Image Include="pics\hw1-2.jpg">
      <Filter>Resource Files</Filter>
    </Image>
  </ItemGroup>
  <ItemGroup>
    <ClCompile Include="src\hw-1\rectification.cpp">
      <Filter>Source Files\hw-1</Filter>
    </ClCompile>
    <ClCompile Include="src\examples\cam-still.cpp">
      <Filter>Source Files\examples</Filter>
    </ClCompile>
    <ClCompile Include="affine-rectify.cpp">
      <Filter>Source Files\hw-1</Filter>
    </ClCompile>
  </ItemGroup>
</Project>